
Microsoft Visual Studio Solution File, Format Version 12.00
# Visual Studio Version 16
VisualStudioVersion = 16.0.31729.503
MinimumVisualStudioVersion = 10.0.40219.1
Project("{FAE04EC0-301F-11D3-BF4B-00C04F79EFBC}") = "TestFormula", "TestFormula.csproj", "{C2A8B338-55B8-4FE5-9819-0B7F26DE07AD}"
EndProject
Global
	GlobalSection(SolutionConfigurationPlatforms) = preSolution
		Debug|Any CPU = Debug|Any CPU
		Release|Any CPU = Release|Any CPU
	EndGlobalSection
	GlobalSection(ProjectConfigurationPlatforms) = postSolution
		{C2A8B338-55B8-4FE5-9819-0B7F26DE07AD}.Debug|Any CPU.ActiveCfg = Debug|Any CPU
		{C2A8B338-55B8-4FE5-9819-0B7F26DE07AD}.Debug|Any CPU.Build.0 = Debug|Any CPU
		{C2A8B338-55B8-4FE5-9819-0B7F26DE07AD}.Release|Any CPU.ActiveCfg = Release|Any CPU
		{C2A8B338-55B8-4FE5-9819-0B7F26DE07AD}.Release|Any CPU.Build.0 = Release|Any CPU
	EndGlobalSection
	GlobalSection(SolutionProperties) = preSolution
		HideSolutionNode = FALSE
	EndGlobalSection
	GlobalSection(ExtensibilityGlobals) = postSolution
		SolutionGuid = {009CFFB5-538F-4E38-A601-4F9C8BA7397B}
	EndGlobalSection
EndGlobal
